
Microsoft Visual Studio Solution File, Format Version 12.00
# Visual Studio Version 17
VisualStudioVersion = 17.13.35818.85 d17.13
MinimumVisualStudioVersion = 10.0.40219.1
Project("{FAE04EC0-301F-11D3-BF4B-00C04F79EFBC}") = "GettingStarted", "GettingStarted.csproj", "{7A1B77CD-F372-5E13-AB3A-F184AB04CDBA}"
EndProject
Global
	GlobalSection(SolutionConfigurationPlatforms) = preSolution
		Debug|Any CPU = Debug|Any CPU
		Release|Any CPU = Release|Any CPU
	EndGlobalSection
	GlobalSection(ProjectConfigurationPlatforms) = postSolution
		{7A1B77CD-F372-5E13-AB3A-F184AB04CDBA}.Debug|Any CPU.ActiveCfg = Debug|Any CPU
		{7A1B77CD-F372-5E13-AB3A-F184AB04CDBA}.Debug|Any CPU.Build.0 = Debug|Any CPU
		{7A1B77CD-F372-5E13-AB3A-F184AB04CDBA}.Release|Any CPU.ActiveCfg = Release|Any CPU
		{7A1B77CD-F372-5E13-AB3A-F184AB04CDBA}.Release|Any CPU.Build.0 = Release|Any CPU
	EndGlobalSection
	GlobalSection(SolutionProperties) = preSolution
		HideSolutionNode = FALSE
	EndGlobalSection
	GlobalSection(ExtensibilityGlobals) = postSolution
		SolutionGuid = {9BCBC2E5-9773-43A6-AEB4-11476CD954FC}
	EndGlobalSection
EndGlobal
